
Microsoft Visual Studio Solution File, Format Version 12.00
# Visual Studio Version 17
VisualStudioVersion = 17.13.35825.156
MinimumVisualStudioVersion = 10.0.40219.1
Project("{FAE04EC0-301F-11D3-BF4B-00C04F79EFBC}") = "dijitalmenu", "dijitalmenu\dijitalmenu.csproj", "{E572C762-69CF-4BEA-913F-9FDC8D495209}"
EndProject
Project("{FAE04EC0-301F-11D3-BF4B-00C04F79EFBC}") = "EntityLayer", "EntityLayer\EntityLayer.csproj", "{7FBF7CB7-E28F-4FEC-9301-54E6800E152C}"
EndProject
Project("{FAE04EC0-301F-11D3-BF4B-00C04F79EFBC}") = "DataAccessLayer", "DataAccessLayer\DataAccessLayer.csproj", "{8D73F209-EDBA-4ADF-871F-7675D38E5180}"
EndProject
Project("{FAE04EC0-301F-11D3-BF4B-00C04F79EFBC}") = "BusinessLayer", "BusinessLayer\BusinessLayer.csproj", "{3152BBEF-2BCC-4281-A25B-69E4BCB78ED1}"
EndProject
Project("{FAE04EC0-301F-11D3-BF4B-00C04F79EFBC}") = "CoreLayer", "CoreLayer\CoreLayer.csproj", "{5E952311-D088-4B93-8E99-2A0DD3DE41D3}"
EndProject
Project("{2150E333-8FDC-42A3-9474-1A3956D46DE8}") = "Solution Items", "Solution Items", "{8EC462FD-D22E-90A8-E5CE-7E832BA40C5D}"
	ProjectSection(SolutionItems) = preProject
		notlar.txt = notlar.txt
	EndProjectSection
EndProject
Global
	GlobalSection(SolutionConfigurationPlatforms) = preSolution
		Debug|Any CPU = Debug|Any CPU
		Release|Any CPU = Release|Any CPU
	EndGlobalSection
	GlobalSection(ProjectConfigurationPlatforms) = postSolution
		{E572C762-69CF-4BEA-913F-9FDC8D495209}.Debug|Any CPU.ActiveCfg = Debug|Any CPU
		{E572C762-69CF-4BEA-913F-9FDC8D495209}.Debug|Any CPU.Build.0 = Debug|Any CPU
		{E572C762-69CF-4BEA-913F-9FDC8D495209}.Release|Any CPU.ActiveCfg = Release|Any CPU
		{E572C762-69CF-4BEA-913F-9FDC8D495209}.Release|Any CPU.Build.0 = Release|Any CPU
		{7FBF7CB7-E28F-4FEC-9301-54E6800E152C}.Debug|Any CPU.ActiveCfg = Debug|Any CPU
		{7FBF7CB7-E28F-4FEC-9301-54E6800E152C}.Debug|Any CPU.Build.0 = Debug|Any CPU
		{7FBF7CB7-E28F-4FEC-9301-54E6800E152C}.Release|Any CPU.ActiveCfg = Release|Any CPU
		{7FBF7CB7-E28F-4FEC-9301-54E6800E152C}.Release|Any CPU.Build.0 = Release|Any CPU
		{8D73F209-EDBA-4ADF-871F-7675D38E5180}.Debug|Any CPU.ActiveCfg = Debug|Any CPU
		{8D73F209-EDBA-4ADF-871F-7675D38E5180}.Debug|Any CPU.Build.0 = Debug|Any CPU
		{8D73F209-EDBA-4ADF-871F-7675D38E5180}.Release|Any CPU.ActiveCfg = Release|Any CPU
		{8D73F209-EDBA-4ADF-871F-7675D38E5180}.Release|Any CPU.Build.0 = Release|Any CPU
		{3152BBEF-2BCC-4281-A25B-69E4BCB78ED1}.Debug|Any CPU.ActiveCfg = Debug|Any CPU
		{3152BBEF-2BCC-4281-A25B-69E4BCB78ED1}.Debug|Any CPU.Build.0 = Debug|Any CPU
		{3152BBEF-2BCC-4281-A25B-69E4BCB78ED1}.Release|Any CPU.ActiveCfg = Release|Any CPU
		{3152BBEF-2BCC-4281-A25B-69E4BCB78ED1}.Release|Any CPU.Build.0 = Release|Any CPU
		{5E952311-D088-4B93-8E99-2A0DD3DE41D3}.Debug|Any CPU.ActiveCfg = Debug|Any CPU
		{5E952311-D088-4B93-8E99-2A0DD3DE41D3}.Debug|Any CPU.Build.0 = Debug|Any CPU
		{5E952311-D088-4B93-8E99-2A0DD3DE41D3}.Release|Any CPU.ActiveCfg = Release|Any CPU
		{5E952311-D088-4B93-8E99-2A0DD3DE41D3}.Release|Any CPU.Build.0 = Release|Any CPU
	EndGlobalSection
	GlobalSection(SolutionProperties) = preSolution
		HideSolutionNode = FALSE
	EndGlobalSection
	GlobalSection(ExtensibilityGlobals) = postSolution
		SolutionGuid = {700322E5-7C91-43A5-A9AB-05B1CE181EE6}
	EndGlobalSection
EndGlobal
